
Microsoft Visual Studio Solution File, Format Version 12.00
# Visual Studio Version 17
VisualStudioVersion = 17.8.34309.116
MinimumVisualStudioVersion = 10.0.40219.1
Project("{FAE04EC0-301F-11D3-BF4B-00C04F79EFBC}") = "oop-1", "oop-1\oop-1.csproj", "{42BB8F60-B2AF-4F1B-B8B5-E9D157A1906A}"
EndProject
Global
	GlobalSection(SolutionConfigurationPlatforms) = preSolution
		Debug|Any CPU = Debug|Any CPU
		Release|Any CPU = Release|Any CPU
	EndGlobalSection
	GlobalSection(ProjectConfigurationPlatforms) = postSolution
		{42BB8F60-B2AF-4F1B-B8B5-E9D157A1906A}.Debug|Any CPU.ActiveCfg = Debug|Any CPU
		{42BB8F60-B2AF-4F1B-B8B5-E9D157A1906A}.Debug|Any CPU.Build.0 = Debug|Any CPU
		{42BB8F60-B2AF-4F1B-B8B5-E9D157A1906A}.Release|Any CPU.ActiveCfg = Release|Any CPU
		{42BB8F60-B2AF-4F1B-B8B5-E9D157A1906A}.Release|Any CPU.Build.0 = Release|Any CPU
	EndGlobalSection
	GlobalSection(SolutionProperties) = preSolution
		HideSolutionNode = FALSE
	EndGlobalSection
	GlobalSection(ExtensibilityGlobals) = postSolution
		SolutionGuid = {7C6900D0-264D-42E4-9FD1-BE5DD8BA432B}
	EndGlobalSection
EndGlobal
